
Microsoft Visual Studio Solution File, Format Version 12.00
# Visual Studio 14
VisualStudioVersion = 14.0.23107.0
MinimumVisualStudioVersion = 10.0.40219.1
Project("{2150E333-8FDC-42A3-9474-1A3956D46DE8}") = "Data", "Data", "{61ABAA47-2193-436A-A0BE-7ADD0C8E17A1}"
EndProject
Project("{FAE04EC0-301F-11D3-BF4B-00C04F79EFBC}") = "BullsAndCows.Data.Models", "Data\BullsAndCows.Data.Models\BullsAndCows.Data.Models.csproj", "{7F262115-A40C-4474-B52E-2CA2F20972EB}"
EndProject
Project("{FAE04EC0-301F-11D3-BF4B-00C04F79EFBC}") = "BullsAndCows.Data", "Data\BullsAndCows.Data\BullsAndCows.Data.csproj", "{F8164565-9A09-440D-8AC9-94E5DCD5B724}"
EndProject
Project("{2150E333-8FDC-42A3-9474-1A3956D46DE8}") = "Services", "Services", "{C1F7C48E-3BE5-4557-943C-5C87CC4B50B7}"
EndProject
Project("{2150E333-8FDC-42A3-9474-1A3956D46DE8}") = "Web", "Web", "{456D51FB-F0E0-47D3-9EC9-ACA44E487644}"
EndProject
Project("{FAE04EC0-301F-11D3-BF4B-00C04F79EFBC}") = "BullsAndCows.Web.Api", "Web\BullsAndCows.Web.Api\BullsAndCows.Web.Api.csproj", "{B8875870-EE13-404E-9D75-983048ADE3F6}"
EndProject
Global
	GlobalSection(SolutionConfigurationPlatforms) = preSolution
		Debug|Any CPU = Debug|Any CPU
		Release|Any CPU = Release|Any CPU
	EndGlobalSection
	GlobalSection(ProjectConfigurationPlatforms) = postSolution
		{7F262115-A40C-4474-B52E-2CA2F20972EB}.Debug|Any CPU.ActiveCfg = Debug|Any CPU
		{7F262115-A40C-4474-B52E-2CA2F20972EB}.Debug|Any CPU.Build.0 = Debug|Any CPU
		{7F262115-A40C-4474-B52E-2CA2F20972EB}.Release|Any CPU.ActiveCfg = Release|Any CPU
		{7F262115-A40C-4474-B52E-2CA2F20972EB}.Release|Any CPU.Build.0 = Release|Any CPU
		{F8164565-9A09-440D-8AC9-94E5DCD5B724}.Debug|Any CPU.ActiveCfg = Debug|Any CPU
		{F8164565-9A09-440D-8AC9-94E5DCD5B724}.Debug|Any CPU.Build.0 = Debug|Any CPU
		{F8164565-9A09-440D-8AC9-94E5DCD5B724}.Release|Any CPU.ActiveCfg = Release|Any CPU
		{F8164565-9A09-440D-8AC9-94E5DCD5B724}.Release|Any CPU.Build.0 = Release|Any CPU
		{B8875870-EE13-404E-9D75-983048ADE3F6}.Debug|Any CPU.ActiveCfg = Debug|Any CPU
		{B8875870-EE13-404E-9D75-983048ADE3F6}.Debug|Any CPU.Build.0 = Debug|Any CPU
		{B8875870-EE13-404E-9D75-983048ADE3F6}.Release|Any CPU.ActiveCfg = Release|Any CPU
		{B8875870-EE13-404E-9D75-983048ADE3F6}.Release|Any CPU.Build.0 = Release|Any CPU
	EndGlobalSection
	GlobalSection(SolutionProperties) = preSolution
		HideSolutionNode = FALSE
	EndGlobalSection
	GlobalSection(NestedProjects) = preSolution
		{7F262115-A40C-4474-B52E-2CA2F20972EB} = {61ABAA47-2193-436A-A0BE-7ADD0C8E17A1}
		{F8164565-9A09-440D-8AC9-94E5DCD5B724} = {61ABAA47-2193-436A-A0BE-7ADD0C8E17A1}
		{B8875870-EE13-404E-9D75-983048ADE3F6} = {456D51FB-F0E0-47D3-9EC9-ACA44E487644}
	EndGlobalSection
EndGlobal
